HUG OPERATING DOCTRINE

All HUGs derive from PIX music, lyric, or both.

HUG TYPES:
- K-KUT / KK
- K-UPID / KPD
- mini-KUT / mK

CORE RULE:
We are not guessing or redesigning.
We execute the locked system unless changed by DMAIC + VOC.

COPY-CAPTURE:
All meaningful words, phrases, exclamations, vocal sounds, held words, emotional anchors, and product-ready captures must be intentionally reviewed, classified, and auditable.

BRAND PURPOSE:
Build and pass forward LOVE:
- caring
- sharing
- wearing

EXPANSION LINES:
- Music inventions
- Jewelry line
- Stuffed animal line

EMOTIONAL PRINCIPLE:
We do not run from emotion.
We stop, turn, face it, and process darkness back to each internal source of light.

ADMIN QUOTE CAPTURE RULE:
- Capture strong admin/founder quotes throughout the project.
- Preserve meaning, urgency, and voice.
- Remove cuss words from stored/public quote assets.
- Exception: "hell" may remain when appropriate.
- Quotes may support doctrine, brand voice, training, sales copy, and artifact creation.

CONTROL RULE:
No silent mutation.
No unapproved rule expansion.
No layer crossing without confirmation.
